
Microsoft Visual Studio Solution File, Format Version 12.00
# Visual Studio 15
VisualStudioVersion = 15.0.27004.2010
MinimumVisualStudioVersion = 10.0.40219.1
Project("{FAE04EC0-301F-11D3-BF4B-00C04F79EFBC}") = "EfOracleCodeFirstConsole", "EfOracleCodeFirstConsole\EfOracleCodeFirstConsole.csproj", "{AC4DF209-3E0B-43F4-B42E-D5C787BF83ED}"
EndProject
Global
	GlobalSection(SolutionConfigurationPlatforms) = preSolution
		Debug|Any CPU = Debug|Any CPU
		Release|Any CPU = Release|Any CPU
	EndGlobalSection
	GlobalSection(ProjectConfigurationPlatforms) = postSolution
		{AC4DF209-3E0B-43F4-B42E-D5C787BF83ED}.Debug|Any CPU.ActiveCfg = Debug|Any CPU
		{AC4DF209-3E0B-43F4-B42E-D5C787BF83ED}.Debug|Any CPU.Build.0 = Debug|Any CPU
		{AC4DF209-3E0B-43F4-B42E-D5C787BF83ED}.Release|Any CPU.ActiveCfg = Release|Any CPU
		{AC4DF209-3E0B-43F4-B42E-D5C787BF83ED}.Release|Any CPU.Build.0 = Release|Any CPU
	EndGlobalSection
	GlobalSection(SolutionProperties) = preSolution
		HideSolutionNode = FALSE
	EndGlobalSection
	GlobalSection(ExtensibilityGlobals) = postSolution
		SolutionGuid = {A20836E4-F8BD-4420-B9AC-DF33451BD2CD}
	EndGlobalSection
EndGlobal
